Microsoft Visual Studio Solution File, Format Version 12.00
# Visual Studio Version 17
VisualStudioVersion = 17.5.2.0
MinimumVisualStudioVersion = 10.0.40219.1
Project("{FAE04EC0-301F-11D3-BF4B-00C04F79EFBC}") = "DeKutMarketplace.Api", "DeKutMarketplace.Api.csproj", "{7463F797-884C-E6A0-1F5E-5C0A7F474A58}"
EndProject
Global
	GlobalSection(SolutionConfigurationPlatforms) = preSolution
		Debug|Any CPU = Debug|Any CPU
		Release|Any CPU = Release|Any CPU
	EndGlobalSection
	GlobalSection(ProjectConfigurationPlatforms) = postSolution
		{7463F797-884C-E6A0-1F5E-5C0A7F474A58}.Debug|Any CPU.ActiveCfg = Debug|Any CPU
		{7463F797-884C-E6A0-1F5E-5C0A7F474A58}.Debug|Any CPU.Build.0 = Debug|Any CPU
		{7463F797-884C-E6A0-1F5E-5C0A7F474A58}.Release|Any CPU.ActiveCfg = Release|Any CPU
		{7463F797-884C-E6A0-1F5E-5C0A7F474A58}.Release|Any CPU.Build.0 = Release|Any CPU
	EndGlobalSection
	GlobalSection(SolutionProperties) = preSolution
		HideSolutionNode = FALSE
	EndGlobalSection
	GlobalSection(ExtensibilityGlobals) = postSolution
		SolutionGuid = {1296D93B-F8F7-4C57-8B36-2D1754984D85}
	EndGlobalSection
EndGlobal
